
Microsoft Visual Studio Solution File, Format Version 12.00
# Visual Studio Version 16
VisualStudioVersion = 16.0.29318.209
MinimumVisualStudioVersion = 10.0.40219.1
Project("{FAE04EC0-301F-11D3-BF4B-00C04F79EFBC}") = "ResidenceShoppe", "ResidenceShoppe.csproj", "{5C6D9790-7A8D-44B4-8DCD-15AD9C6901A9}"
EndProject
Project("{FAE04EC0-301F-11D3-BF4B-00C04F79EFBC}") = "ResidenceBusinessLogic", "..\ResidenceBusinessLogic\ResidenceBusinessLogic.csproj", "{EBDD9CE5-5F7D-443D-8F24-6917B5A3721B}"
EndProject
Project("{FAE04EC0-301F-11D3-BF4B-00C04F79EFBC}") = "Residence.ViewModels", "..\Residence.ViewModels\Residence.ViewModels.csproj", "{90D76EF9-44ED-4AE5-8925-24295575789D}"
EndProject
Global
	GlobalSection(SolutionConfigurationPlatforms) = preSolution
		Debug|Any CPU = Debug|Any CPU
		Release|Any CPU = Release|Any CPU
	EndGlobalSection
	GlobalSection(ProjectConfigurationPlatforms) = postSolution
		{5C6D9790-7A8D-44B4-8DCD-15AD9C6901A9}.Debug|Any CPU.ActiveCfg = Debug|Any CPU
		{5C6D9790-7A8D-44B4-8DCD-15AD9C6901A9}.Debug|Any CPU.Build.0 = Debug|Any CPU
		{5C6D9790-7A8D-44B4-8DCD-15AD9C6901A9}.Release|Any CPU.ActiveCfg = Release|Any CPU
		{5C6D9790-7A8D-44B4-8DCD-15AD9C6901A9}.Release|Any CPU.Build.0 = Release|Any CPU
		{EBDD9CE5-5F7D-443D-8F24-6917B5A3721B}.Debug|Any CPU.ActiveCfg = Debug|Any CPU
		{EBDD9CE5-5F7D-443D-8F24-6917B5A3721B}.Debug|Any CPU.Build.0 = Debug|Any CPU
		{EBDD9CE5-5F7D-443D-8F24-6917B5A3721B}.Release|Any CPU.ActiveCfg = Release|Any CPU
		{EBDD9CE5-5F7D-443D-8F24-6917B5A3721B}.Release|Any CPU.Build.0 = Release|Any CPU
		{90D76EF9-44ED-4AE5-8925-24295575789D}.Debug|Any CPU.ActiveCfg = Debug|Any CPU
		{90D76EF9-44ED-4AE5-8925-24295575789D}.Debug|Any CPU.Build.0 = Debug|Any CPU
		{90D76EF9-44ED-4AE5-8925-24295575789D}.Release|Any CPU.ActiveCfg = Release|Any CPU
		{90D76EF9-44ED-4AE5-8925-24295575789D}.Release|Any CPU.Build.0 = Release|Any CPU
	EndGlobalSection
	GlobalSection(SolutionProperties) = preSolution
		HideSolutionNode = FALSE
	EndGlobalSection
	GlobalSection(ExtensibilityGlobals) = postSolution
		SolutionGuid = {8F116FCF-8F6D-4FFE-80F6-6E69A00C8BC6}
	EndGlobalSection
EndGlobal
